
Microsoft Visual Studio Solution File, Format Version 11.00
# Visual Studio 2010
Project("{FAE04EC0-301F-11D3-BF4B-00C04F79EFBC}") = "ConsoleApplication1", "ConsoleApplication1\ConsoleApplication1.csproj", "{DF2AE22D-EBE2-4833-8339-422F3BA3D1AA}"
EndProject
Global
	GlobalSection(SolutionConfigurationPlatforms) = preSolution
		Debug|x86 = Debug|x86
		Release|x86 = Release|x86
	EndGlobalSection
	GlobalSection(ProjectConfigurationPlatforms) = postSolution
		{DF2AE22D-EBE2-4833-8339-422F3BA3D1AA}.Debug|x86.ActiveCfg = Debug|x86
		{DF2AE22D-EBE2-4833-8339-422F3BA3D1AA}.Debug|x86.Build.0 = Debug|x86
		{DF2AE22D-EBE2-4833-8339-422F3BA3D1AA}.Release|x86.ActiveCfg = Release|x86
		{DF2AE22D-EBE2-4833-8339-422F3BA3D1AA}.Release|x86.Build.0 = Release|x86
	EndGlobalSection
	GlobalSection(SolutionProperties) = preSolution
		HideSolutionNode = FALSE
	EndGlobalSection
EndGlobal
